
Microsoft Visual Studio Solution File, Format Version 12.00
# Visual Studio 14
VisualStudioVersion = 14.0.24720.0
MinimumVisualStudioVersion = 10.0.40219.1
Project("{FAE04EC0-301F-11D3-BF4B-00C04F79EFBC}") = "left-pad", "left-pad\left-pad.csproj", "{880E3FEF-AA75-4323-924A-6CC57A569AEC}"
EndProject
Project("{FAE04EC0-301F-11D3-BF4B-00C04F79EFBC}") = "left-pad-tests", "left-pad-tests\left-pad-tests.csproj", "{B48A2E54-817C-4FCD-BEB9-E7A170CE24C0}"
EndProject
Global
	GlobalSection(SolutionConfigurationPlatforms) = preSolution
		Debug|Any CPU = Debug|Any CPU
		Release|Any CPU = Release|Any CPU
	EndGlobalSection
	GlobalSection(ProjectConfigurationPlatforms) = postSolution
		{880E3FEF-AA75-4323-924A-6CC57A569AEC}.Debug|Any CPU.ActiveCfg = Debug|Any CPU
		{880E3FEF-AA75-4323-924A-6CC57A569AEC}.Debug|Any CPU.Build.0 = Debug|Any CPU
		{880E3FEF-AA75-4323-924A-6CC57A569AEC}.Release|Any CPU.ActiveCfg = Release|Any CPU
		{880E3FEF-AA75-4323-924A-6CC57A569AEC}.Release|Any CPU.Build.0 = Release|Any CPU
		{B48A2E54-817C-4FCD-BEB9-E7A170CE24C0}.Debug|Any CPU.ActiveCfg = Debug|Any CPU
		{B48A2E54-817C-4FCD-BEB9-E7A170CE24C0}.Debug|Any CPU.Build.0 = Debug|Any CPU
		{B48A2E54-817C-4FCD-BEB9-E7A170CE24C0}.Release|Any CPU.ActiveCfg = Release|Any CPU
		{B48A2E54-817C-4FCD-BEB9-E7A170CE24C0}.Release|Any CPU.Build.0 = Release|Any CPU
	EndGlobalSection
	GlobalSection(SolutionProperties) = preSolution
		HideSolutionNode = FALSE
	EndGlobalSection
EndGlobal
